
Microsoft Visual Studio Solution File, Format Version 12.00
# Visual Studio Version 17
VisualStudioVersion = 17.6.33829.357
MinimumVisualStudioVersion = 10.0.40219.1
Project("{FAE04EC0-301F-11D3-BF4B-00C04F79EFBC}") = "Pedidos", "Pedidos\Pedidos.csproj", "{1638C94D-352F-4EEE-8D66-40564C20C42E}"
EndProject
Global
	GlobalSection(SolutionConfigurationPlatforms) = preSolution
		Debug|Any CPU = Debug|Any CPU
		Release|Any CPU = Release|Any CPU
	EndGlobalSection
	GlobalSection(ProjectConfigurationPlatforms) = postSolution
		{1638C94D-352F-4EEE-8D66-40564C20C42E}.Debug|Any CPU.ActiveCfg = Debug|Any CPU
		{1638C94D-352F-4EEE-8D66-40564C20C42E}.Debug|Any CPU.Build.0 = Debug|Any CPU
		{1638C94D-352F-4EEE-8D66-40564C20C42E}.Release|Any CPU.ActiveCfg = Release|Any CPU
		{1638C94D-352F-4EEE-8D66-40564C20C42E}.Release|Any CPU.Build.0 = Release|Any CPU
	EndGlobalSection
	GlobalSection(SolutionProperties) = preSolution
		HideSolutionNode = FALSE
	EndGlobalSection
	GlobalSection(ExtensibilityGlobals) = postSolution
		SolutionGuid = {239B5CA4-5B18-47FC-AF42-BC6F44ED8C37}
	EndGlobalSection
EndGlobal
